
Microsoft Visual Studio Solution File, Format Version 12.00
# Visual Studio Version 17
VisualStudioVersion = 17.9.34622.214
MinimumVisualStudioVersion = 10.0.40219.1
Project("{FAE04EC0-301F-11D3-BF4B-00C04F79EFBC}") = "Problem9", "Problem9.csproj", "{3028D400-0804-47A3-A6E9-416DC55B281F}"
EndProject
Global
	GlobalSection(SolutionConfigurationPlatforms) = preSolution
		Debug|Any CPU = Debug|Any CPU
		Release|Any CPU = Release|Any CPU
	EndGlobalSection
	GlobalSection(ProjectConfigurationPlatforms) = postSolution
		{3028D400-0804-47A3-A6E9-416DC55B281F}.Debug|Any CPU.ActiveCfg = Debug|Any CPU
		{3028D400-0804-47A3-A6E9-416DC55B281F}.Debug|Any CPU.Build.0 = Debug|Any CPU
		{3028D400-0804-47A3-A6E9-416DC55B281F}.Release|Any CPU.ActiveCfg = Release|Any CPU
		{3028D400-0804-47A3-A6E9-416DC55B281F}.Release|Any CPU.Build.0 = Release|Any CPU
	EndGlobalSection
	GlobalSection(SolutionProperties) = preSolution
		HideSolutionNode = FALSE
	EndGlobalSection
	GlobalSection(ExtensibilityGlobals) = postSolution
		SolutionGuid = {6EBD2FD0-D617-442A-A48A-4138BDE138D2}
	EndGlobalSection
EndGlobal
